
Microsoft Visual Studio Solution File, Format Version 12.00
# Visual Studio Version 17
VisualStudioVersion = 17.4.33205.214
MinimumVisualStudioVersion = 10.0.40219.1
Project("{9A19103F-16F7-4668-BE54-9A1E7A4F7556}") = "FileConverter", "FileConverter\FileConverter.csproj", "{D901285B-661D-45CB-834C-DEA4050A2966}"
EndProject
Project("{2150E333-8FDC-42A3-9474-1A3956D46DE8}") = "Solution Items", "Solution Items", "{AE604CBA-4899-4E9C-9538-8F77EAC49280}"
EndProject
Global
	GlobalSection(SolutionConfigurationPlatforms) = preSolution
		Debug|Any CPU = Debug|Any CPU
		Release|Any CPU = Release|Any CPU
	EndGlobalSection
	GlobalSection(ProjectConfigurationPlatforms) = postSolution
		{D901285B-661D-45CB-834C-DEA4050A2966}.Debug|Any CPU.ActiveCfg = Debug|Any CPU
		{D901285B-661D-45CB-834C-DEA4050A2966}.Debug|Any CPU.Build.0 = Debug|Any CPU
		{D901285B-661D-45CB-834C-DEA4050A2966}.Release|Any CPU.ActiveCfg = Release|Any CPU
		{D901285B-661D-45CB-834C-DEA4050A2966}.Release|Any CPU.Build.0 = Release|Any CPU
	EndGlobalSection
	GlobalSection(SolutionProperties) = preSolution
		HideSolutionNode = FALSE
	EndGlobalSection
	GlobalSection(ExtensibilityGlobals) = postSolution
		SolutionGuid = {640A05E4-8624-4FFA-B7F5-2D666E7D4DA4}
	EndGlobalSection
EndGlobal
